
Microsoft Visual Studio Solution File, Format Version 12.00
# Visual Studio Version 16
VisualStudioVersion = 16.0.31624.102
MinimumVisualStudioVersion = 10.0.40219.1
Project("{9A19103F-16F7-4668-BE54-9A1E7A4F7556}") = "Ugomemo.NET", "Ugomemo.NET\Ugomemo.NET.csproj", "{D79B37CE-CF11-4D6B-8B1F-729DB7CB2EAF}"
EndProject
Project("{FAE04EC0-301F-11D3-BF4B-00C04F79EFBC}") = "Ugomemo.NET.Tests", "Ugomemo.NET.Tests\Ugomemo.NET.Tests.csproj", "{AC0FE25F-AE9E-4864-805C-FD8FFD4BAEE1}"
EndProject
Global
	GlobalSection(SolutionConfigurationPlatforms) = preSolution
		Debug|Any CPU = Debug|Any CPU
		Release|Any CPU = Release|Any CPU
	EndGlobalSection
	GlobalSection(ProjectConfigurationPlatforms) = postSolution
		{D79B37CE-CF11-4D6B-8B1F-729DB7CB2EAF}.Debug|Any CPU.ActiveCfg = Debug|Any CPU
		{D79B37CE-CF11-4D6B-8B1F-729DB7CB2EAF}.Debug|Any CPU.Build.0 = Debug|Any CPU
		{D79B37CE-CF11-4D6B-8B1F-729DB7CB2EAF}.Release|Any CPU.ActiveCfg = Release|Any CPU
		{D79B37CE-CF11-4D6B-8B1F-729DB7CB2EAF}.Release|Any CPU.Build.0 = Release|Any CPU
		{AC0FE25F-AE9E-4864-805C-FD8FFD4BAEE1}.Debug|Any CPU.ActiveCfg = Debug|Any CPU
		{AC0FE25F-AE9E-4864-805C-FD8FFD4BAEE1}.Debug|Any CPU.Build.0 = Debug|Any CPU
		{AC0FE25F-AE9E-4864-805C-FD8FFD4BAEE1}.Release|Any CPU.ActiveCfg = Release|Any CPU
		{AC0FE25F-AE9E-4864-805C-FD8FFD4BAEE1}.Release|Any CPU.Build.0 = Release|Any CPU
	EndGlobalSection
	GlobalSection(SolutionProperties) = preSolution
		HideSolutionNode = FALSE
	EndGlobalSection
	GlobalSection(ExtensibilityGlobals) = postSolution
		SolutionGuid = {965DA993-3CAC-42E3-81A5-062EB1A6731C}
	EndGlobalSection
EndGlobal
